<?xml version="1.0" encoding="utf-8"?>
<Project ToolsVersion="4.0" xmlns="http://schemas.microsoft.com/developer/msbuild/2003">
  <ItemGroup>
    <Filter Include="Source Files">
      <UniqueIdentifier>{4FC737F1-C7A5-4376-A066-2A32D752A2FF}</UniqueIdentifier>
      <Extensions>cpp;c;cc;cxx;def;odl;idl;hpj;bat;asm;asmx</Extensions>
    </Filter>
    <Filter Include="Header Files">
      <UniqueIdentifier>{93995380-89BD-4b04-88EB-625FBE52EBFB}</UniqueIdentifier>
      <Extensions>h;hpp;hxx;hm;inl;inc;xsd</Extensions>
    </Filter>
    <Filter Include="Resource Files">
      <UniqueIdentifier>{67DA6AB6-F800-4c08-8B7A-83BB121AAD01}</UniqueIdentifier>
      <Extensions>rc;ico;cur;bmp;dlg;rc2;rct;bin;rgs;gif;jpg;jpeg;jpe;resx;tiff;tif;png;wav;mfcribbon-ms</Extensions>
    </Filter>
    <Filter Include="libudis86">
      <UniqueIdentifier>{0fa6ebf3-658c-4c86-89c7-425c16cf7ba6}</UniqueIdentifier>
    </Filter>
  </ItemGroup>
  <ItemGroup>
    <ClCompile Include="main.cc">
      <Filter>Source Files</Filter>
    </ClCompile>
    <ClCompile Include="disasm.cc">
      <Filter>Source Files</Filter>
    </ClCompile>
    <ClCompile Include="..\..\third-party\libudis86\udis86.c">
      <Filter>libudis86</Filter>
    </ClCompile>
    <ClCompile Include="..\..\third-party\libudis86\decode.c">
      <Filter>libudis86</Filter>
    </ClCompile>
    <ClCompile Include="..\..\third-party\libudis86\input.c">
      <Filter>libudis86</Filter>
    </ClCompile>
    <ClCompile Include="..\..\third-party\libudis86\itab.c">
      <Filter>libudis86</Filter>
    </ClCompile>
    <ClCompile Include="..\..\third-party\libudis86\mnem.c">
      <Filter>libudis86</Filter>
    </ClCompile>
    <ClCompile Include="..\..\third-party\libudis86\syn.c">
      <Filter>libudis86</Filter>
    </ClCompile>
    <ClCompile Include="..\..\third-party\libudis86\syn-intel.c">
      <Filter>libudis86</Filter>
    </ClCompile>
  </ItemGroup>
  <ItemGroup>
    <ClInclude Include="disasm.h">
      <Filter>Source Files</Filter>
    </ClInclude>
    <ClInclude Include="..\..\third-party\libudis86\decode.h">
      <Filter>libudis86</Filter>
    </ClInclude>
    <ClInclude Include="..\..\third-party\libudis86\extern.h">
      <Filter>libudis86</Filter>
    </ClInclude>
    <ClInclude Include="..\..\third-party\libudis86\input.h">
      <Filter>libudis86</Filter>
    </ClInclude>
    <ClInclude Include="..\..\third-party\libudis86\itab.h">
      <Filter>libudis86</Filter>
    </ClInclude>
    <ClInclude Include="..\..\third-party\libudis86\mnem.h">
      <Filter>libudis86</Filter>
    </ClInclude>
    <ClInclude Include="..\..\third-party\libudis86\syn.h">
      <Filter>libudis86</Filter>
    </ClInclude>
    <ClInclude Include="..\..\third-party\libudis86\types.h">
      <Filter>libudis86</Filter>
    </ClInclude>
  </ItemGroup>
</Project>