<?xml version="1.0" encoding="utf-8"?>
<Project ToolsVersion="4.0" xmlns="http://schemas.microsoft.com/developer/msbuild/2003">
  <ItemGroup>
    <ClCompile Include="..\shellext\context_menu.cc" />
    <ClCompile Include="..\shellext\main.cc" />
    <ClCompile Include="..\shellext\bitmap_utils.cc" />
  </ItemGroup>
  <ItemGroup>
    <ClInclude Include="..\shellext\context_menu.h" />
    <ClInclude Include="..\shellext\main.h" />
    <ClInclude Include="..\shellext\resource.h" />
    <ClInclude Include="..\shellext\bitmap_utils.h" />
  </ItemGroup>
  <ItemGroup>
    <None Include="..\shellext\shellext.def" />
  </ItemGroup>
  <ItemGroup>
    <ResourceCompile Include="..\shellext\shellext.rc" />
  </ItemGroup>
</Project>